// !$*UTF8*$!
{
	archiveVersion = 1;
	classes = {
	};
	objectVersion = 50;
	objects = {

/* Begin PBXBuildFile section */
		841FD19C222FA73E00242578 /* AppDelegate.m in Sources */ = {isa = PBXBuildFile; fileRef = 841FD19B222FA73E00242578 /* AppDelegate.m */; };
		841FD19F222FA73E00242578 /* ViewController.m in Sources */ = {isa = PBXBuildFile; fileRef = 841FD19E222FA73E00242578 /* ViewController.m */; };
		841FD1A2222FA73E00242578 /* Main.storyboard in Resources */ = {isa = PBXBuildFile; fileRef = 841FD1A0222FA73E00242578 /* Main.storyboard */; };
		841FD1A4222FA74100242578 /* Assets.xcassets in Resources */ = {isa = PBXBuildFile; fileRef = 841FD1A3222FA74100242578 /* Assets.xcassets */; };
		841FD1A7222FA74100242578 /* LaunchScreen.storyboard in Resources */ = {isa = PBXBuildFile; fileRef = 841FD1A5222FA74100242578 /* LaunchScreen.storyboard */; };
		841FD1AA222FA74100242578 /* main.m in Sources */ = {isa = PBXBuildFile; fileRef = 841FD1A9222FA74100242578 /* main.m */; };
		841FD1B2222FAE1E00242578 /* ToDoTableCell.m in Sources */ = {isa = PBXBuildFile; fileRef = 841FD1B1222FAE1E00242578 /* ToDoTableCell.m */; };
		841FD1B5222FAEE700242578 /* ToDoItem.m in Sources */ = {isa = PBXBuildFile; fileRef = 841FD1B4222FAEE700242578 /* ToDoItem.m */; };
		84B7C690223601A100364A8D /* ViewController+UserDefaults.m in Sources */ = {isa = PBXBuildFile; fileRef = 84B7C68F223601A100364A8D /* ViewController+UserDefaults.m */; };
/* End PBXBuildFile section */

/* Begin PBXFileReference section */
		841FD197222FA73E00242578 /* BoringToDo.app */ = {isa = PBXFileReference; explicitFileType = wrapper.application; includeInIndex = 0; path = BoringToDo.app; sourceTree = BUILT_PRODUCTS_DIR; };
		841FD19A222FA73E00242578 /* AppDelegate.h */ = {isa = PBXFileReference; lastKnownFileType = sourcecode.c.h; path = AppDelegate.h; sourceTree = "<group>"; };
		841FD19B222FA73E00242578 /* AppDelegate.m */ = {isa = PBXFileReference; lastKnownFileType = sourcecode.c.objc; path = AppDelegate.m; sourceTree = "<group>"; };
		841FD19D222FA73E00242578 /* ViewController.h */ = {isa = PBXFileReference; lastKnownFileType = sourcecode.c.h; path = ViewController.h; sourceTree = "<group>"; };
		841FD19E222FA73E00242578 /* ViewController.m */ = {isa = PBXFileReference; lastKnownFileType = sourcecode.c.objc; path = ViewController.m; sourceTree = "<group>"; };
		841FD1A1222FA73E00242578 /* Base */ = {isa = PBXFileReference; lastKnownFileType = file.storyboard; name = Base; path = Base.lproj/Main.storyboard; sourceTree = "<group>"; };
		841FD1A3222FA74100242578 /* Assets.xcassets */ = {isa = PBXFileReference; lastKnownFileType = folder.assetcatalog; path = Assets.xcassets; sourceTree = "<group>"; };
		841FD1A6222FA74100242578 /* Base */ = {isa = PBXFileReference; lastKnownFileType = file.storyboard; name = Base; path = Base.lproj/LaunchScreen.storyboard; sourceTree = "<group>"; };
		841FD1A8222FA74100242578 /* Info.plist */ = {isa = PBXFileReference; lastKnownFileType = text.plist.xml; path = Info.plist; sourceTree = "<group>"; };
		841FD1A9222FA74100242578 /* main.m */ = {isa = PBXFileReference; lastKnownFileType = sourcecode.c.objc; path = main.m; sourceTree = "<group>"; };
		841FD1B0222FAE1E00242578 /* ToDoTableCell.h */ = {isa = PBXFileReference; lastKnownFileType = sourcecode.c.h; path = ToDoTableCell.h; sourceTree = "<group>"; };
		841FD1B1222FAE1E00242578 /* ToDoTableCell.m */ = {isa = PBXFileReference; lastKnownFileType = sourcecode.c.objc; path = ToDoTableCell.m; sourceTree = "<group>"; };
		841FD1B3222FAEE700242578 /* ToDoItem.h */ = {isa = PBXFileReference; lastKnownFileType = sourcecode.c.h; path = ToDoItem.h; sourceTree = "<group>"; };
		841FD1B4222FAEE700242578 /* ToDoItem.m */ = {isa = PBXFileReference; lastKnownFileType = sourcecode.c.objc; path = ToDoItem.m; sourceTree = "<group>"; };
		84B7C68E223601A100364A8D /* ViewController+UserDefaults.h */ = {isa = PBXFileReference; lastKnownFileType = sourcecode.c.h; path = "ViewController+UserDefaults.h"; sourceTree = "<group>"; };
		84B7C68F223601A100364A8D /* ViewController+UserDefaults.m */ = {isa = PBXFileReference; lastKnownFileType = sourcecode.c.objc; path = "ViewController+UserDefaults.m"; sourceTree = "<group>"; };
/* End PBXFileReference section */

/* Begin PBXFrameworksBuildPhase section */
		841FD194222FA73E00242578 /* Frameworks */ = {
			isa = PBXFrameworksBuildPhase;
			buildActionMask = 2147483647;
			files = (
			);
			runOnlyForDeploymentPostprocessing = 0;
		};
/* End PBXFrameworksBuildPhase section */

/* Begin PBXGroup section */
		841FD18E222FA73E00242578 = {
			isa = PBXGroup;
			children = (
				841FD199222FA73E00242578 /* BoringToDo */,
				841FD198222FA73E00242578 /* Products */,
			);
			sourceTree = "<group>";
		};
		841FD198222FA73E00242578 /* Products */ = {
			isa = PBXGroup;
			children = (
				841FD197222FA73E00242578 /* BoringToDo.app */,
			);
			name = Products;
			sourceTree = "<group>";
		};
		841FD199222FA73E00242578 /* BoringToDo */ = {
			isa = PBXGroup;
			children = (
				841FD19A222FA73E00242578 /* AppDelegate.h */,
				841FD19B222FA73E00242578 /* AppDelegate.m */,
				841FD19D222FA73E00242578 /* ViewController.h */,
				841FD19E222FA73E00242578 /* ViewController.m */,
				84B7C68E223601A100364A8D /* ViewController+UserDefaults.h */,
				84B7C68F223601A100364A8D /* ViewController+UserDefaults.m */,
				841FD1B0222FAE1E00242578 /* ToDoTableCell.h */,
				841FD1B1222FAE1E00242578 /* ToDoTableCell.m */,
				841FD1B3222FAEE700242578 /* ToDoItem.h */,
				841FD1B4222FAEE700242578 /* ToDoItem.m */,
				841FD1A0222FA73E00242578 /* Main.storyboard */,
				841FD1A3222FA74100242578 /* Assets.xcassets */,
				841FD1A5222FA74100242578 /* LaunchScreen.storyboard */,
				841FD1A8222FA74100242578 /* Info.plist */,
				841FD1A9222FA74100242578 /* main.m */,
			);
			path = BoringToDo;
			sourceTree = "<group>";
		};
/* End PBXGroup section */

/* Begin PBXNativeTarget section */
		841FD196222FA73E00242578 /* BoringToDo */ = {
			isa = PBXNativeTarget;
			buildConfigurationList = 841FD1AD222FA74100242578 /* Build configuration list for PBXNativeTarget "BoringToDo" */;
			buildPhases = (
				841FD193222FA73E00242578 /* Sources */,
				841FD194222FA73E00242578 /* Frameworks */,
				841FD195222FA73E00242578 /* Resources */,
			);
			buildRules = (
			);
			dependencies = (
			);
			name = BoringToDo;
			productName = BoringToDo;
			productReference = 841FD197222FA73E00242578 /* BoringToDo.app */;
			productType = "com.apple.product-type.application";
		};
/* End PBXNativeTarget section */

/* Begin PBXProject section */
		841FD18F222FA73E00242578 /* Project object */ = {
			isa = PBXProject;
			attributes = {
				LastUpgradeCheck = 1010;
				ORGANIZATIONNAME = blurryssky;
				TargetAttributes = {
					841FD196222FA73E00242578 = {
						CreatedOnToolsVersion = 10.1;
					};
				};
			};
			buildConfigurationList = 841FD192222FA73E00242578 /* Build configuration list for PBXProject "BoringToDo" */;
			compatibilityVersion = "Xcode 9.3";
			developmentRegion = en;
			hasScannedForEncodings = 0;
			knownRegions = (
				en,
				Base,
			);
			mainGroup = 841FD18E222FA73E00242578;
			productRefGroup = 841FD198222FA73E00242578 /* Products */;
			projectDirPath = "";
			projectRoot = "";
			targets = (
				841FD196222FA73E00242578 /* BoringToDo */,
			);
		};
/* End PBXProject section */

/* Begin PBXResourcesBuildPhase section */
		841FD195222FA73E00242578 /* Resources */ = {
			isa = PBXResourcesBuildPhase;
			buildActionMask = 2147483647;
			files = (
				841FD1A7222FA74100242578 /* LaunchScreen.storyboard in Resources */,
				841FD1A4222FA74100242578 /* Assets.xcassets in Resources */,
				841FD1A2222FA73E00242578 /* Main.storyboard in Resources */,
			);
			runOnlyForDeploymentPostprocessing = 0;
		};
/* End PBXResourcesBuildPhase section */

/* Begin PBXSourcesBuildPhase section */
		841FD193222FA73E00242578 /* Sources */ = {
			isa = PBXSourcesBuildPhase;
			buildActionMask = 2147483647;
			files = (
				841FD1B2222FAE1E00242578 /* ToDoTableCell.m in Sources */,
				841FD1B5222FAEE700242578 /* ToDoItem.m in Sources */,
				841FD19F222FA73E00242578 /* ViewController.m in Sources */,
				84B7C690223601A100364A8D /* ViewController+UserDefaults.m in Sources */,
				841FD1AA222FA74100242578 /* main.m in Sources */,
				841FD19C222FA73E00242578 /* AppDelegate.m in Sources */,
			);
			runOnlyForDeploymentPostprocessing = 0;
		};
/* End PBXSourcesBuildPhase section */

/* Begin PBXVariantGroup section */
		841FD1A0222FA73E00242578 /* Main.storyboard */ = {
			isa = PBXVariantGroup;
			children = (
				841FD1A1222FA73E00242578 /* Base */,
			);
			name = Main.storyboard;
			sourceTree = "<group>";
		};
		841FD1A5222FA74100242578 /* LaunchScreen.storyboard */ = {
			isa = PBXVariantGroup;
			children = (
				841FD1A6222FA74100242578 /* Base */,
			);
			name = LaunchScreen.storyboard;
			sourceTree = "<group>";
		};
/* End PBXVariantGroup section */

/* Begin XCBuildConfiguration section */
		841FD1AB222FA74100242578 /* Debug */ = {
			isa = XCBuildConfiguration;
			buildSettings = {
				ALWAYS_SEARCH_USER_PATHS = NO;
				CLANG_ANALYZER_NONNULL = YES;
				CLANG_ANALYZER_NUMBER_OBJECT_CONVERSION = YES_AGGRESSIVE;
				CLANG_CXX_LANGUAGE_STANDARD = "gnu++14";
				CLANG_CXX_LIBRARY = "libc++";
				CLANG_ENABLE_MODULES = YES;
				CLANG_ENABLE_OBJC_ARC = YES;
				CLANG_ENABLE_OBJC_WEAK = YES;
				CLANG_WARN_BLOCK_CAPTURE_AUTORELEASING = YES;
				CLANG_WARN_BOOL_CONVERSION = YES;
				CLANG_WARN_COMMA = YES;
				CLANG_WARN_CONSTANT_CONVERSION = YES;
				CLANG_WARN_DEPRECATED_OBJC_IMPLEMENTATIONS = YES;
				CLANG_WARN_DIRECT_OBJC_ISA_USAGE = YES_ERROR;
				CLANG_WARN_DOCUMENTATION_COMMENTS = YES;
				CLANG_WARN_EMPTY_BODY = YES;
				CLANG_WARN_ENUM_CONVERSION = YES;
				CLANG_WARN_INFINITE_RECURSION = YES;
				CLANG_WARN_INT_CONVERSION = YES;
				CLANG_WARN_NON_LITERAL_NULL_CONVERSION = YES;
				CLANG_WARN_OBJC_IMPLICIT_RETAIN_SELF = YES;
				CLANG_WARN_OBJC_LITERAL_CONVERSION = YES;
				CLANG_WARN_OBJC_ROOT_CLASS = YES_ERROR;
				CLANG_WARN_RANGE_LOOP_ANALYSIS = YES;
				CLANG_WARN_STRICT_PROTOTYPES = YES;
				CLANG_WARN_SUSPICIOUS_MOVE = YES;
				CLANG_WARN_UNGUARDED_AVAILABILITY = YES_AGGRESSIVE;
				CLANG_WARN_UNREACHABLE_CODE = YES;
				CLANG_WARN__DUPLICATE_METHOD_MATCH = YES;
				CODE_SIGN_IDENTITY = "iPhone Developer";
				COPY_PHASE_STRIP = NO;
				DEBUG_INFORMATION_FORMAT = dwarf;
				ENABLE_STRICT_OBJC_MSGSEND = YES;
				ENABLE_TESTABILITY = YES;
				GCC_C_LANGUAGE_STANDARD = gnu11;
				GCC_DYNAMIC_NO_PIC = NO;
				GCC_NO_COMMON_BLOCKS = YES;
				GCC_OPTIMIZATION_LEVEL = 0;
				GCC_PREPROCESSOR_DEFINITIONS = (
					"DEBUG=1",
					"$(inherited)",
				);
				GCC_WARN_64_TO_32_BIT_CONVERSION = YES;
				GCC_WARN_ABOUT_RETURN_TYPE = YES_ERROR;
				GCC_WARN_UNDECLARED_SELECTOR = YES;
				GCC_WARN_UNINITIALIZED_AUTOS = YES_AGGRESSIVE;
				GCC_WARN_UNUSED_FUNCTION = YES;
				GCC_WARN_UNUSED_VARIABLE = YES;
				IPHONEOS_DEPLOYMENT_TARGET = 12.1;
				MTL_ENABLE_DEBUG_INFO = INCLUDE_SOURCE;
				MTL_FAST_MATH = YES;
				ONLY_ACTIVE_ARCH = YES;
				SDKROOT = iphoneos;
			};
			name = Debug;
		};
		841FD1AC222FA74100242578 /* Release */ = {
			isa = XCBuildConfiguration;
			buildSettings = {
				ALWAYS_SEARCH_USER_PATHS = NO;
				CLANG_ANALYZER_NONNULL = YES;
				CLANG_ANALYZER_NUMBER_OBJECT_CONVERSION = YES_AGGRESSIVE;
				CLANG_CXX_LANGUAGE_STANDARD = "gnu++14";
				CLANG_CXX_LIBRARY = "libc++";
				CLANG_ENABLE_MODULES = YES;
				CLANG_ENABLE_OBJC_ARC = YES;
				CLANG_ENABLE_OBJC_WEAK = YES;
				CLANG_WARN_BLOCK_CAPTURE_AUTORELEASING = YES;
				CLANG_WARN_BOOL_CONVERSION = YES;
				CLANG_WARN_COMMA = YES;
				CLANG_WARN_CONSTANT_CONVERSION = YES;
				CLANG_WARN_DEPRECATED_OBJC_IMPLEMENTATIONS = YES;
				CLANG_WARN_DIRECT_OBJC_ISA_USAGE = YES_ERROR;
				CLANG_WARN_DOCUMENTATION_COMMENTS = YES;
				CLANG_WARN_EMPTY_BODY = YES;
				CLANG_WARN_ENUM_CONVERSION = YES;
				CLANG_WARN_INFINITE_RECURSION = YES;
				CLANG_WARN_INT_CONVERSION = YES;
				CLANG_WARN_NON_LITERAL_NULL_CONVERSION = YES;
				CLANG_WARN_OBJC_IMPLICIT_RETAIN_SELF = YES;
				CLANG_WARN_OBJC_LITERAL_CONVERSION = YES;
				CLANG_WARN_OBJC_ROOT_CLASS = YES_ERROR;
				CLANG_WARN_RANGE_LOOP_ANALYSIS = YES;
				CLANG_WARN_STRICT_PROTOTYPES = YES;
				CLANG_WARN_SUSPICIOUS_MOVE = YES;
				CLANG_WARN_UNGUARDED_AVAILABILITY = YES_AGGRESSIVE;
				CLANG_WARN_UNREACHABLE_CODE = YES;
				CLANG_WARN__DUPLICATE_METHOD_MATCH = YES;
				CODE_SIGN_IDENTITY = "iPhone Developer";
				COPY_PHASE_STRIP = NO;
				DEBUG_INFORMATION_FORMAT = "dwarf-with-dsym";
				ENABLE_NS_ASSERTIONS = NO;
				ENABLE_STRICT_OBJC_MSGSEND = YES;
				GCC_C_LANGUAGE_STANDARD = gnu11;
				GCC_NO_COMMON_BLOCKS = YES;
				GCC_WARN_64_TO_32_BIT_CONVERSION = YES;
				GCC_WARN_ABOUT_RETURN_TYPE = YES_ERROR;
				GCC_WARN_UNDECLARED_SELECTOR = YES;
				GCC_WARN_UNINITIALIZED_AUTOS = YES_AGGRESSIVE;
				GCC_WARN_UNUSED_FUNCTION = YES;
				GCC_WARN_UNUSED_VARIABLE = YES;
				IPHONEOS_DEPLOYMENT_TARGET = 12.1;
				MTL_ENABLE_DEBUG_INFO = NO;
				MTL_FAST_MATH = YES;
				SDKROOT = iphoneos;
				VALIDATE_PRODUCT = YES;
			};
			name = Release;
		};
		841FD1AE222FA74100242578 /* Debug */ = {
			isa = XCBuildConfiguration;
			buildSettings = {
				ASSETCATALOG_COMPILER_APPICON_NAME = AppIcon;
				CODE_SIGN_STYLE = Automatic;
				DEVELOPMENT_TEAM = K894H4XBD8;
				INFOPLIST_FILE = BoringToDo/Info.plist;
				IPHONEOS_DEPLOYMENT_TARGET = 11.0;
				LD_RUNPATH_SEARCH_PATHS = (
					"$(inherited)",
					"@executable_path/Frameworks",
				);
				PRODUCT_BUNDLE_IDENTIFIER = com.blurryssky.BoringToDo;
				PRODUCT_NAME = "$(TARGET_NAME)";
				TARGETED_DEVICE_FAMILY = "1,2";
			};
			name = Debug;
		};
		841FD1AF222FA74100242578 /* Release */ = {
			isa = XCBuildConfiguration;
			buildSettings = {
				ASSETCATALOG_COMPILER_APPICON_NAME = AppIcon;
				CODE_SIGN_STYLE = Automatic;
				DEVELOPMENT_TEAM = K894H4XBD8;
				INFOPLIST_FILE = BoringToDo/Info.plist;
				IPHONEOS_DEPLOYMENT_TARGET = 11.0;
				LD_RUNPATH_SEARCH_PATHS = (
					"$(inherited)",
					"@executable_path/Frameworks",
				);
				PRODUCT_BUNDLE_IDENTIFIER = com.blurryssky.BoringToDo;
				PRODUCT_NAME = "$(TARGET_NAME)";
				TARGETED_DEVICE_FAMILY = "1,2";
			};
			name = Release;
		};
/* End XCBuildConfiguration section */

/* Begin XCConfigurationList section */
		841FD192222FA73E00242578 /* Build configuration list for PBXProject "BoringToDo" */ = {
			isa = XCConfigurationList;
			buildConfigurations = (
				841FD1AB222FA74100242578 /* Debug */,
				841FD1AC222FA74100242578 /* Release */,
			);
			defaultConfigurationIsVisible = 0;
			defaultConfigurationName = Release;
		};
		841FD1AD222FA74100242578 /* Build configuration list for PBXNativeTarget "BoringToDo" */ = {
			isa = XCConfigurationList;
			buildConfigurations = (
				841FD1AE222FA74100242578 /* Debug */,
				841FD1AF222FA74100242578 /* Release */,
			);
			defaultConfigurationIsVisible = 0;
			defaultConfigurationName = Release;
		};
/* End XCConfigurationList section */
	};
	rootObject = 841FD18F222FA73E00242578 /* Project object */;
}
